
Microsoft Visual Studio Solution File, Format Version 12.00
# Visual Studio Version 17
VisualStudioVersion = 17.14.37216.2 d17.14
MinimumVisualStudioVersion = 10.0.40219.1
Project("{FAE04EC0-301F-11D3-BF4B-00C04F79EFBC}") = "JunaidJamshedSQETests", "JunaidJamshedSQETests\JunaidJamshedSQETests.csproj", "{D0531C36-CFB8-4E38-A52D-4711F75B9B41}"
EndProject
Global
	GlobalSection(SolutionConfigurationPlatforms) = preSolution
		Debug|Any CPU = Debug|Any CPU
		Release|Any CPU = Release|Any CPU
	EndGlobalSection
	GlobalSection(ProjectConfigurationPlatforms) = postSolution
		{D0531C36-CFB8-4E38-A52D-4711F75B9B41}.Debug|Any CPU.ActiveCfg = Debug|Any CPU
		{D0531C36-CFB8-4E38-A52D-4711F75B9B41}.Debug|Any CPU.Build.0 = Debug|Any CPU
		{D0531C36-CFB8-4E38-A52D-4711F75B9B41}.Release|Any CPU.ActiveCfg = Release|Any CPU
		{D0531C36-CFB8-4E38-A52D-4711F75B9B41}.Release|Any CPU.Build.0 = Release|Any CPU
	EndGlobalSection
	GlobalSection(SolutionProperties) = preSolution
		HideSolutionNode = FALSE
	EndGlobalSection
	GlobalSection(ExtensibilityGlobals) = postSolution
		SolutionGuid = {0485C5F0-6BEB-42DD-8A74-0D5A7541C3AB}
	EndGlobalSection
EndGlobal
